
Microsoft Visual Studio Solution File, Format Version 12.00
# Visual Studio Version 17
VisualStudioVersion = 17.14.36623.8 d17.14
MinimumVisualStudioVersion = 10.0.40219.1
Project("{FAE04EC0-301F-11D3-BF4B-00C04F79EFBC}") = "CMSBanchileSEGUROS", "CMSBanchileSEGUROS.csproj", "{0CB7662B-BF70-49A1-9670-FCE0FFB6A3BD}"
EndProject
Global
	GlobalSection(SolutionConfigurationPlatforms) = preSolution
		Debug|Any CPU = Debug|Any CPU
		Release|Any CPU = Release|Any CPU
	EndGlobalSection
	GlobalSection(ProjectConfigurationPlatforms) = postSolution
		{0CB7662B-BF70-49A1-9670-FCE0FFB6A3BD}.Debug|Any CPU.ActiveCfg = Debug|Any CPU
		{0CB7662B-BF70-49A1-9670-FCE0FFB6A3BD}.Debug|Any CPU.Build.0 = Debug|Any CPU
		{0CB7662B-BF70-49A1-9670-FCE0FFB6A3BD}.Release|Any CPU.ActiveCfg = Release|Any CPU
		{0CB7662B-BF70-49A1-9670-FCE0FFB6A3BD}.Release|Any CPU.Build.0 = Release|Any CPU
	EndGlobalSection
	GlobalSection(SolutionProperties) = preSolution
		HideSolutionNode = FALSE
	EndGlobalSection
	GlobalSection(ExtensibilityGlobals) = postSolution
		SolutionGuid = {2F08B28E-5473-4C9E-B0D0-D4E442C54C59}
	EndGlobalSection
EndGlobal
